
Microsoft Visual Studio Solution File, Format Version 12.00
# Visual Studio Version 16
VisualStudioVersion = 16.0.30717.126
MinimumVisualStudioVersion = 10.0.40219.1
Project("{FAE04EC0-301F-11D3-BF4B-00C04F79EFBC}") = "Charlotte", "Charlotte\Charlotte.csproj", "{D29AC474-6300-4ECF-9084-666E9CF3011A}"
EndProject
Global
	GlobalSection(SolutionConfigurationPlatforms) = preSolution
		Debug|Any CPU = Debug|Any CPU
		Release|Any CPU = Release|Any CPU
	EndGlobalSection
	GlobalSection(ProjectConfigurationPlatforms) = postSolution
		{D29AC474-6300-4ECF-9084-666E9CF3011A}.Debug|Any CPU.ActiveCfg = Debug|Any CPU
		{D29AC474-6300-4ECF-9084-666E9CF3011A}.Debug|Any CPU.Build.0 = Debug|Any CPU
		{D29AC474-6300-4ECF-9084-666E9CF3011A}.Release|Any CPU.ActiveCfg = Release|Any CPU
		{D29AC474-6300-4ECF-9084-666E9CF3011A}.Release|Any CPU.Build.0 = Release|Any CPU
	EndGlobalSection
	GlobalSection(SolutionProperties) = preSolution
		HideSolutionNode = FALSE
	EndGlobalSection
	GlobalSection(ExtensibilityGlobals) = postSolution
		SolutionGuid = {BAF2E98E-860C-4B55-A300-42526ED11E4E}
	EndGlobalSection
EndGlobal
